
Microsoft Visual Studio Solution File, Format Version 12.00
# Visual Studio Version 17
VisualStudioVersion = 17.2.32526.322
MinimumVisualStudioVersion = 10.0.40219.1
Project("{9A19103F-16F7-4668-BE54-9A1E7A4F7556}") = "EcommerceApp.MVC", "EcommerceApp\EcommerceApp.MVC.csproj", "{8C898229-17CB-404B-A38F-04AE5CB8F223}"
EndProject
Project("{9A19103F-16F7-4668-BE54-9A1E7A4F7556}") = "EcommerceApp.Infrastructure", "EcommerceApp.Models\EcommerceApp.Infrastructure.csproj", "{A3C9092C-3BE9-4C5E-93A0-A36E33435B9C}"
EndProject
Project("{9A19103F-16F7-4668-BE54-9A1E7A4F7556}") = "EcommerceApp.Domain", "EcommerceApp.Data\EcommerceApp.Domain.csproj", "{ED8E681B-B430-4BCE-865C-0ACBAFF597FB}"
EndProject
Project("{9A19103F-16F7-4668-BE54-9A1E7A4F7556}") = "EcommerceApp.Core", "EcommerceApp.Core\EcommerceApp.Core.csproj", "{2A11FB4B-7993-4ED1-8FD7-384DABB35F91}"
EndProject
Global
	GlobalSection(SolutionConfigurationPlatforms) = preSolution
		Debug|Any CPU = Debug|Any CPU
		Release|Any CPU = Release|Any CPU
	EndGlobalSection
	GlobalSection(ProjectConfigurationPlatforms) = postSolution
		{8C898229-17CB-404B-A38F-04AE5CB8F223}.Debug|Any CPU.ActiveCfg = Debug|Any CPU
		{8C898229-17CB-404B-A38F-04AE5CB8F223}.Debug|Any CPU.Build.0 = Debug|Any CPU
		{8C898229-17CB-404B-A38F-04AE5CB8F223}.Release|Any CPU.ActiveCfg = Release|Any CPU
		{8C898229-17CB-404B-A38F-04AE5CB8F223}.Release|Any CPU.Build.0 = Release|Any CPU
		{A3C9092C-3BE9-4C5E-93A0-A36E33435B9C}.Debug|Any CPU.ActiveCfg = Debug|Any CPU
		{A3C9092C-3BE9-4C5E-93A0-A36E33435B9C}.Debug|Any CPU.Build.0 = Debug|Any CPU
		{A3C9092C-3BE9-4C5E-93A0-A36E33435B9C}.Release|Any CPU.ActiveCfg = Release|Any CPU
		{A3C9092C-3BE9-4C5E-93A0-A36E33435B9C}.Release|Any CPU.Build.0 = Release|Any CPU
		{ED8E681B-B430-4BCE-865C-0ACBAFF597FB}.Debug|Any CPU.ActiveCfg = Debug|Any CPU
		{ED8E681B-B430-4BCE-865C-0ACBAFF597FB}.Debug|Any CPU.Build.0 = Debug|Any CPU
		{ED8E681B-B430-4BCE-865C-0ACBAFF597FB}.Release|Any CPU.ActiveCfg = Release|Any CPU
		{ED8E681B-B430-4BCE-865C-0ACBAFF597FB}.Release|Any CPU.Build.0 = Release|Any CPU
		{2A11FB4B-7993-4ED1-8FD7-384DABB35F91}.Debug|Any CPU.ActiveCfg = Debug|Any CPU
		{2A11FB4B-7993-4ED1-8FD7-384DABB35F91}.Debug|Any CPU.Build.0 = Debug|Any CPU
		{2A11FB4B-7993-4ED1-8FD7-384DABB35F91}.Release|Any CPU.ActiveCfg = Release|Any CPU
		{2A11FB4B-7993-4ED1-8FD7-384DABB35F91}.Release|Any CPU.Build.0 = Release|Any CPU
	EndGlobalSection
	GlobalSection(SolutionProperties) = preSolution
		HideSolutionNode = FALSE
	EndGlobalSection
	GlobalSection(ExtensibilityGlobals) = postSolution
		SolutionGuid = {486F60F2-B896-4C9B-8229-9AECFF1B777E}
	EndGlobalSection
EndGlobal
